<?xml version="1.0" encoding="utf-8"?>
<Project ToolsVersion="4.0" xmlns="http://schemas.microsoft.com/developer/msbuild/2003">
  <ItemGroup>
    <Filter Include="Source Files">
      <UniqueIdentifier>{4FC737F1-C7A5-4376-A066-2A32D752A2FF}</UniqueIdentifier>
      <Extensions>cpp;c;cc;cxx;c++;cppm;ixx;def;odl;idl;hpj;bat;asm;asmx</Extensions>
    </Filter>
    <Filter Include="Header Files">
      <UniqueIdentifier>{93995380-89BD-4b04-88EB-625FBE52EBFB}</UniqueIdentifier>
      <Extensions>h;hh;hpp;hxx;h++;hm;inl;inc;ipp;xsd</Extensions>
    </Filter>
    <Filter Include="Resource Files">
      <UniqueIdentifier>{67DA6AB6-F800-4c08-8B7A-83BB121AAD01}</UniqueIdentifier>
      <Extensions>rc;ico;cur;bmp;dlg;rc2;rct;bin;rgs;gif;jpg;jpeg;jpe;resx;tiff;tif;png;wav;mfcribbon-ms</Extensions>
    </Filter>
    <Filter Include="Header Files\Fragmentarne">
      <UniqueIdentifier>{cba20985-00a5-448d-9e74-46910737a23a}</UniqueIdentifier>
    </Filter>
  </ItemGroup>
  <ItemGroup>
    <ClCompile Include="Source.cpp">
      <Filter>Source Files</Filter>
    </ClCompile>
  </ItemGroup>
  <ItemGroup>
    <ClInclude Include="koncowyNaStos.h">
      <Filter>Header Files</Filter>
    </ClInclude>
    <ClInclude Include="4aInnySposob.h">
      <Filter>Header Files\Fragmentarne</Filter>
    </ClInclude>
    <ClInclude Include="4astarysposob.h">
      <Filter>Header Files\Fragmentarne</Filter>
    </ClInclude>
    <ClInclude Include="etap1.h">
      <Filter>Header Files\Fragmentarne</Filter>
    </ClInclude>
    <ClInclude Include="etap3a.h">
      <Filter>Header Files\Fragmentarne</Filter>
    </ClInclude>
    <ClInclude Include="etap2.h">
      <Filter>Header Files\Fragmentarne</Filter>
    </ClInclude>
    <ClInclude Include="etap3b.h">
      <Filter>Header Files\Fragmentarne</Filter>
    </ClInclude>
    <ClInclude Include="etap3c.h">
      <Filter>Header Files\Fragmentarne</Filter>
    </ClInclude>
    <ClInclude Include="etap4a.h">
      <Filter>Header Files\Fragmentarne</Filter>
    </ClInclude>
    <ClInclude Include="etap4h.h">
      <Filter>Header Files\Fragmentarne</Filter>
    </ClInclude>
    <ClInclude Include="etap6.h">
      <Filter>Header Files\Fragmentarne</Filter>
    </ClInclude>
    <ClInclude Include="etap7.h">
      <Filter>Header Files\Fragmentarne</Filter>
    </ClInclude>
    <ClInclude Include="koncowybudowa.h">
      <Filter>Header Files</Filter>
    </ClInclude>
  </ItemGroup>
</Project>